// !$*UTF8*$!
{
	archiveVersion = 1;
	classes = {
	};
	objectVersion = 56;
	objects = {

/* Begin PBXBuildFile section */
		C4BCA6C82AAA902A00F9340E /* AppDelegate.swift in Sources */ = {isa = PBXBuildFile; fileRef = C4BCA6C72AAA902A00F9340E /* AppDelegate.swift */; };
		C4BCA6CA2AAA902A00F9340E /* SceneDelegate.swift in Sources */ = {isa = PBXBuildFile; fileRef = C4BCA6C92AAA902A00F9340E /* SceneDelegate.swift */; };
		C4BCA6CC2AAA902A00F9340E /* HomeViewController.swift in Sources */ = {isa = PBXBuildFile; fileRef = C4BCA6CB2AAA902A00F9340E /* HomeViewController.swift */; };
		C4BCA6CF2AAA902A00F9340E /* Main.storyboard in Resources */ = {isa = PBXBuildFile; fileRef = C4BCA6CD2AAA902A00F9340E /* Main.storyboard */; };
		C4BCA6D12AAA902C00F9340E /* Assets.xcassets in Resources */ = {isa = PBXBuildFile; fileRef = C4BCA6D02AAA902C00F9340E /* Assets.xcassets */; };
		C4BCA6D42AAA902C00F9340E /* LaunchScreen.storyboard in Resources */ = {isa = PBXBuildFile; fileRef = C4BCA6D22AAA902C00F9340E /* LaunchScreen.storyboard */; };
		C4BCA6DF2AAA902C00F9340E /* SpotifyTests.swift in Sources */ = {isa = PBXBuildFile; fileRef = C4BCA6DE2AAA902C00F9340E /* SpotifyTests.swift */; };
		C4BCA6E92AAA902C00F9340E /* SpotifyUITests.swift in Sources */ = {isa = PBXBuildFile; fileRef = C4BCA6E82AAA902C00F9340E /* SpotifyUITests.swift */; };
		C4BCA6EB2AAA902C00F9340E /* SpotifyUITestsLaunchTests.swift in Sources */ = {isa = PBXBuildFile; fileRef = C4BCA6EA2AAA902C00F9340E /* SpotifyUITestsLaunchTests.swift */; };
		C4BCA6FE2AAA91A600F9340E /* LaunchScreen.storyboard in Resources */ = {isa = PBXBuildFile; fileRef = C4BCA6FD2AAA91A600F9340E /* LaunchScreen.storyboard */; };
		C4BCA7002AAA930600F9340E /* TabBarViewController.swift in Sources */ = {isa = PBXBuildFile; fileRef = C4BCA6FF2AAA930600F9340E /* TabBarViewController.swift */; };
		C4BCA7022AAA932100F9340E /* SearchViewController.swift in Sources */ = {isa = PBXBuildFile; fileRef = C4BCA7012AAA932100F9340E /* SearchViewController.swift */; };
		C4BCA7042AAA933300F9340E /* LibraryViewController.swift in Sources */ = {isa = PBXBuildFile; fileRef = C4BCA7032AAA933300F9340E /* LibraryViewController.swift */; };
		C4BCA7082AAA936500F9340E /* AuthViewController.swift in Sources */ = {isa = PBXBuildFile; fileRef = C4BCA7072AAA936500F9340E /* AuthViewController.swift */; };
		C4BCA70A2AAA937000F9340E /* WelcomeViewController.swift in Sources */ = {isa = PBXBuildFile; fileRef = C4BCA7092AAA937000F9340E /* WelcomeViewController.swift */; };
		C4BCA70C2AAA937E00F9340E /* SettingsViewController.swift in Sources */ = {isa = PBXBuildFile; fileRef = C4BCA70B2AAA937E00F9340E /* SettingsViewController.swift */; };
		C4BCA70E2AAA938B00F9340E /* ProfileViewController.swift in Sources */ = {isa = PBXBuildFile; fileRef = C4BCA70D2AAA938B00F9340E /* ProfileViewController.swift */; };
		C4BCA7102AAA939300F9340E /* PlayerViewController.swift in Sources */ = {isa = PBXBuildFile; fileRef = C4BCA70F2AAA939300F9340E /* PlayerViewController.swift */; };
		C4BCA7122AAA93A000F9340E /* PlaylistViewController.swift in Sources */ = {isa = PBXBuildFile; fileRef = C4BCA7112AAA93A000F9340E /* PlaylistViewController.swift */; };
		C4BCA7142AAA93B700F9340E /* SearchResultsViewController.swift in Sources */ = {isa = PBXBuildFile; fileRef = C4BCA7132AAA93B700F9340E /* SearchResultsViewController.swift */; };
		C4BCA7162AAA93D200F9340E /* AuthManager.swift in Sources */ = {isa = PBXBuildFile; fileRef = C4BCA7152AAA93D200F9340E /* AuthManager.swift */; };
		C4BCA7182AAA93DE00F9340E /* APICaller.swift in Sources */ = {isa = PBXBuildFile; fileRef = C4BCA7172AAA93DE00F9340E /* APICaller.swift */; };
		C4BCA71A2AAA93EB00F9340E /* HapticsManager.swift in Sources */ = {isa = PBXBuildFile; fileRef = C4BCA7192AAA93EB00F9340E /* HapticsManager.swift */; };
		C4BCA71C2AAA940500F9340E /* Playlist.swift in Sources */ = {isa = PBXBuildFile; fileRef = C4BCA71B2AAA940500F9340E /* Playlist.swift */; };
		C4BCA71E2AAA940F00F9340E /* AudioTrack.swift in Sources */ = {isa = PBXBuildFile; fileRef = C4BCA71D2AAA940F00F9340E /* AudioTrack.swift */; };
		C4BCA7202AAA941600F9340E /* Artist.swift in Sources */ = {isa = PBXBuildFile; fileRef = C4BCA71F2AAA941600F9340E /* Artist.swift */; };
		C4BCA7222AAA942900F9340E /* UserProfile.swift in Sources */ = {isa = PBXBuildFile; fileRef = C4BCA7212AAA942900F9340E /* UserProfile.swift */; };
		C4BCA7242AAA9C8200F9340E /* Extensions.swift in Sources */ = {isa = PBXBuildFile; fileRef = C4BCA7232AAA9C8200F9340E /* Extensions.swift */; };
		C4D52E8D2AD9E5E40028A1BF /* AuthResponse.swift in Sources */ = {isa = PBXBuildFile; fileRef = C4D52E8C2AD9E5E40028A1BF /* AuthResponse.swift */; };
		C4D52E8F2ADA03240028A1BF /* SettingsModels.swift in Sources */ = {isa = PBXBuildFile; fileRef = C4D52E8E2ADA03240028A1BF /* SettingsModels.swift */; };
/* End PBXBuildFile section */

/* Begin PBXContainerItemProxy section */
		C4BCA6DB2AAA902C00F9340E /* PBXContainerItemProxy */ = {
			isa = PBXContainerItemProxy;
			containerPortal = C4BCA6BC2AAA902A00F9340E /* Project object */;
			proxyType = 1;
			remoteGlobalIDString = C4BCA6C32AAA902A00F9340E;
			remoteInfo = Spotify;
		};
		C4BCA6E52AAA902C00F9340E /* PBXContainerItemProxy */ = {
			isa = PBXContainerItemProxy;
			containerPortal = C4BCA6BC2AAA902A00F9340E /* Project object */;
			proxyType = 1;
			remoteGlobalIDString = C4BCA6C32AAA902A00F9340E;
			remoteInfo = Spotify;
		};
/* End PBXContainerItemProxy section */

/* Begin PBXFileReference section */
		C4BCA6C42AAA902A00F9340E /* Spotify.app */ = {isa = PBXFileReference; explicitFileType = wrapper.application; includeInIndex = 0; path = Spotify.app; sourceTree = BUILT_PRODUCTS_DIR; };
		C4BCA6C72AAA902A00F9340E /* AppDelegate.swift */ = {isa = PBXFileReference; lastKnownFileType = sourcecode.swift; path = AppDelegate.swift; sourceTree = "<group>"; };
		C4BCA6C92AAA902A00F9340E /* SceneDelegate.swift */ = {isa = PBXFileReference; lastKnownFileType = sourcecode.swift; path = SceneDelegate.swift; sourceTree = "<group>"; };
		C4BCA6CB2AAA902A00F9340E /* HomeViewController.swift */ = {isa = PBXFileReference; lastKnownFileType = sourcecode.swift; path = HomeViewController.swift; sourceTree = "<group>"; };
		C4BCA6CE2AAA902A00F9340E /* Base */ = {isa = PBXFileReference; lastKnownFileType = file.storyboard; name = Base; path = Base.lproj/Main.storyboard; sourceTree = "<group>"; };
		C4BCA6D02AAA902C00F9340E /* Assets.xcassets */ = {isa = PBXFileReference; lastKnownFileType = folder.assetcatalog; path = Assets.xcassets; sourceTree = "<group>"; };
		C4BCA6D32AAA902C00F9340E /* Base */ = {isa = PBXFileReference; lastKnownFileType = file.storyboard; name = Base; path = Base.lproj/LaunchScreen.storyboard; sourceTree = "<group>"; };
		C4BCA6D52AAA902C00F9340E /* Info.plist */ = {isa = PBXFileReference; lastKnownFileType = text.plist.xml; path = Info.plist; sourceTree = "<group>"; };
		C4BCA6DA2AAA902C00F9340E /* SpotifyTests.xctest */ = {isa = PBXFileReference; explicitFileType = wrapper.cfbundle; includeInIndex = 0; path = SpotifyTests.xctest; sourceTree = BUILT_PRODUCTS_DIR; };
		C4BCA6DE2AAA902C00F9340E /* SpotifyTests.swift */ = {isa = PBXFileReference; lastKnownFileType = sourcecode.swift; path = SpotifyTests.swift; sourceTree = "<group>"; };
		C4BCA6E42AAA902C00F9340E /* SpotifyUITests.xctest */ = {isa = PBXFileReference; explicitFileType = wrapper.cfbundle; includeInIndex = 0; path = SpotifyUITests.xctest; sourceTree = BUILT_PRODUCTS_DIR; };
		C4BCA6E82AAA902C00F9340E /* SpotifyUITests.swift */ = {isa = PBXFileReference; lastKnownFileType = sourcecode.swift; path = SpotifyUITests.swift; sourceTree = "<group>"; };
		C4BCA6EA2AAA902C00F9340E /* SpotifyUITestsLaunchTests.swift */ = {isa = PBXFileReference; lastKnownFileType = sourcecode.swift; path = SpotifyUITestsLaunchTests.swift; sourceTree = "<group>"; };
		C4BCA6FD2AAA91A600F9340E /* LaunchScreen.storyboard */ = {isa = PBXFileReference; lastKnownFileType = file.storyboard; path = LaunchScreen.storyboard; sourceTree = "<group>"; };
		C4BCA6FF2AAA930600F9340E /* TabBarViewController.swift */ = {isa = PBXFileReference; lastKnownFileType = sourcecode.swift; path = TabBarViewController.swift; sourceTree = "<group>"; };
		C4BCA7012AAA932100F9340E /* SearchViewController.swift */ = {isa = PBXFileReference; lastKnownFileType = sourcecode.swift; path = SearchViewController.swift; sourceTree = "<group>"; };
		C4BCA7032AAA933300F9340E /* LibraryViewController.swift */ = {isa = PBXFileReference; lastKnownFileType = sourcecode.swift; path = LibraryViewController.swift; sourceTree = "<group>"; };
		C4BCA7072AAA936500F9340E /* AuthViewController.swift */ = {isa = PBXFileReference; lastKnownFileType = sourcecode.swift; path = AuthViewController.swift; sourceTree = "<group>"; };
		C4BCA7092AAA937000F9340E /* WelcomeViewController.swift */ = {isa = PBXFileReference; lastKnownFileType = sourcecode.swift; path = WelcomeViewController.swift; sourceTree = "<group>"; };
		C4BCA70B2AAA937E00F9340E /* SettingsViewController.swift */ = {isa = PBXFileReference; lastKnownFileType = sourcecode.swift; path = SettingsViewController.swift; sourceTree = "<group>"; };
		C4BCA70D2AAA938B00F9340E /* ProfileViewController.swift */ = {isa = PBXFileReference; lastKnownFileType = sourcecode.swift; path = ProfileViewController.swift; sourceTree = "<group>"; };
		C4BCA70F2AAA939300F9340E /* PlayerViewController.swift */ = {isa = PBXFileReference; lastKnownFileType = sourcecode.swift; path = PlayerViewController.swift; sourceTree = "<group>"; };
		C4BCA7112AAA93A000F9340E /* PlaylistViewController.swift */ = {isa = PBXFileReference; lastKnownFileType = sourcecode.swift; path = PlaylistViewController.swift; sourceTree = "<group>"; };
		C4BCA7132AAA93B700F9340E /* SearchResultsViewController.swift */ = {isa = PBXFileReference; lastKnownFileType = sourcecode.swift; path = SearchResultsViewController.swift; sourceTree = "<group>"; };
		C4BCA7152AAA93D200F9340E /* AuthManager.swift */ = {isa = PBXFileReference; lastKnownFileType = sourcecode.swift; path = AuthManager.swift; sourceTree = "<group>"; };
		C4BCA7172AAA93DE00F9340E /* APICaller.swift */ = {isa = PBXFileReference; lastKnownFileType = sourcecode.swift; path = APICaller.swift; sourceTree = "<group>"; };
		C4BCA7192AAA93EB00F9340E /* HapticsManager.swift */ = {isa = PBXFileReference; lastKnownFileType = sourcecode.swift; path = HapticsManager.swift; sourceTree = "<group>"; };
		C4BCA71B2AAA940500F9340E /* Playlist.swift */ = {isa = PBXFileReference; lastKnownFileType = sourcecode.swift; path = Playlist.swift; sourceTree = "<group>"; };
		C4BCA71D2AAA940F00F9340E /* AudioTrack.swift */ = {isa = PBXFileReference; lastKnownFileType = sourcecode.swift; path = AudioTrack.swift; sourceTree = "<group>"; };
		C4BCA71F2AAA941600F9340E /* Artist.swift */ = {isa = PBXFileReference; lastKnownFileType = sourcecode.swift; path = Artist.swift; sourceTree = "<group>"; };
		C4BCA7212AAA942900F9340E /* UserProfile.swift */ = {isa = PBXFileReference; lastKnownFileType = sourcecode.swift; path = UserProfile.swift; sourceTree = "<group>"; };
		C4BCA7232AAA9C8200F9340E /* Extensions.swift */ = {isa = PBXFileReference; lastKnownFileType = sourcecode.swift; path = Extensions.swift; sourceTree = "<group>"; };
		C4D52E8C2AD9E5E40028A1BF /* AuthResponse.swift */ = {isa = PBXFileReference; lastKnownFileType = sourcecode.swift; path = AuthResponse.swift; sourceTree = "<group>"; };
		C4D52E8E2ADA03240028A1BF /* SettingsModels.swift */ = {isa = PBXFileReference; lastKnownFileType = sourcecode.swift; path = SettingsModels.swift; sourceTree = "<group>"; };
/* End PBXFileReference section */

/* Begin PBXFrameworksBuildPhase section */
		C4BCA6C12AAA902A00F9340E /* Frameworks */ = {
			isa = PBXFrameworksBuildPhase;
			buildActionMask = 2147483647;
			files = (
			);
			runOnlyForDeploymentPostprocessing = 0;
		};
		C4BCA6D72AAA902C00F9340E /* Frameworks */ = {
			isa = PBXFrameworksBuildPhase;
			buildActionMask = 2147483647;
			files = (
			);
			runOnlyForDeploymentPostprocessing = 0;
		};
		C4BCA6E12AAA902C00F9340E /* Frameworks */ = {
			isa = PBXFrameworksBuildPhase;
			buildActionMask = 2147483647;
			files = (
			);
			runOnlyForDeploymentPostprocessing = 0;
		};
/* End PBXFrameworksBuildPhase section */

/* Begin PBXGroup section */
		C4BCA6BB2AAA902A00F9340E = {
			isa = PBXGroup;
			children = (
				C4BCA6C62AAA902A00F9340E /* Spotify */,
				C4BCA6DD2AAA902C00F9340E /* SpotifyTests */,
				C4BCA6E72AAA902C00F9340E /* SpotifyUITests */,
				C4BCA6C52AAA902A00F9340E /* Products */,
			);
			sourceTree = "<group>";
		};
		C4BCA6C52AAA902A00F9340E /* Products */ = {
			isa = PBXGroup;
			children = (
				C4BCA6C42AAA902A00F9340E /* Spotify.app */,
				C4BCA6DA2AAA902C00F9340E /* SpotifyTests.xctest */,
				C4BCA6E42AAA902C00F9340E /* SpotifyUITests.xctest */,
			);
			name = Products;
			sourceTree = "<group>";
		};
		C4BCA6C62AAA902A00F9340E /* Spotify */ = {
			isa = PBXGroup;
			children = (
				C4BCA6FC2AAA917600F9340E /* Resources */,
				C4BCA6FB2AAA916E00F9340E /* Managers */,
				C4BCA6FA2AAA916A00F9340E /* Controllers */,
				C4BCA6F92AAA916400F9340E /* ViewModels */,
				C4BCA6F82AAA916000F9340E /* Views */,
				C4BCA6F72AAA915900F9340E /* Models */,
				C4BCA6CD2AAA902A00F9340E /* Main.storyboard */,
				C4BCA6D22AAA902C00F9340E /* LaunchScreen.storyboard */,
				C4BCA6D52AAA902C00F9340E /* Info.plist */,
			);
			path = Spotify;
			sourceTree = "<group>";
		};
		C4BCA6DD2AAA902C00F9340E /* SpotifyTests */ = {
			isa = PBXGroup;
			children = (
				C4BCA6DE2AAA902C00F9340E /* SpotifyTests.swift */,
			);
			path = SpotifyTests;
			sourceTree = "<group>";
		};
		C4BCA6E72AAA902C00F9340E /* SpotifyUITests */ = {
			isa = PBXGroup;
			children = (
				C4BCA6E82AAA902C00F9340E /* SpotifyUITests.swift */,
				C4BCA6EA2AAA902C00F9340E /* SpotifyUITestsLaunchTests.swift */,
			);
			path = SpotifyUITests;
			sourceTree = "<group>";
		};
		C4BCA6F72AAA915900F9340E /* Models */ = {
			isa = PBXGroup;
			children = (
				C4BCA71B2AAA940500F9340E /* Playlist.swift */,
				C4BCA71D2AAA940F00F9340E /* AudioTrack.swift */,
				C4BCA71F2AAA941600F9340E /* Artist.swift */,
				C4BCA7212AAA942900F9340E /* UserProfile.swift */,
				C4D52E8C2AD9E5E40028A1BF /* AuthResponse.swift */,
				C4D52E8E2ADA03240028A1BF /* SettingsModels.swift */,
			);
			path = Models;
			sourceTree = "<group>";
		};
		C4BCA6F82AAA916000F9340E /* Views */ = {
			isa = PBXGroup;
			children = (
				C4BCA6FD2AAA91A600F9340E /* LaunchScreen.storyboard */,
			);
			path = Views;
			sourceTree = "<group>";
		};
		C4BCA6F92AAA916400F9340E /* ViewModels */ = {
			isa = PBXGroup;
			children = (
			);
			path = ViewModels;
			sourceTree = "<group>";
		};
		C4BCA6FA2AAA916A00F9340E /* Controllers */ = {
			isa = PBXGroup;
			children = (
				C4BCA7062AAA935700F9340E /* Other */,
				C4BCA7052AAA933B00F9340E /* Core */,
			);
			path = Controllers;
			sourceTree = "<group>";
		};
		C4BCA6FB2AAA916E00F9340E /* Managers */ = {
			isa = PBXGroup;
			children = (
				C4BCA7152AAA93D200F9340E /* AuthManager.swift */,
				C4BCA7172AAA93DE00F9340E /* APICaller.swift */,
				C4BCA7192AAA93EB00F9340E /* HapticsManager.swift */,
			);
			path = Managers;
			sourceTree = "<group>";
		};
		C4BCA6FC2AAA917600F9340E /* Resources */ = {
			isa = PBXGroup;
			children = (
				C4BCA6C72AAA902A00F9340E /* AppDelegate.swift */,
				C4BCA6C92AAA902A00F9340E /* SceneDelegate.swift */,
				C4BCA6D02AAA902C00F9340E /* Assets.xcassets */,
				C4BCA7232AAA9C8200F9340E /* Extensions.swift */,
			);
			path = Resources;
			sourceTree = "<group>";
		};
		C4BCA7052AAA933B00F9340E /* Core */ = {
			isa = PBXGroup;
			children = (
				C4BCA6FF2AAA930600F9340E /* TabBarViewController.swift */,
				C4BCA6CB2AAA902A00F9340E /* HomeViewController.swift */,
				C4BCA7012AAA932100F9340E /* SearchViewController.swift */,
				C4BCA7032AAA933300F9340E /* LibraryViewController.swift */,
			);
			path = Core;
			sourceTree = "<group>";
		};
		C4BCA7062AAA935700F9340E /* Other */ = {
			isa = PBXGroup;
			children = (
				C4BCA7072AAA936500F9340E /* AuthViewController.swift */,
				C4BCA7092AAA937000F9340E /* WelcomeViewController.swift */,
				C4BCA70B2AAA937E00F9340E /* SettingsViewController.swift */,
				C4BCA70D2AAA938B00F9340E /* ProfileViewController.swift */,
				C4BCA70F2AAA939300F9340E /* PlayerViewController.swift */,
				C4BCA7112AAA93A000F9340E /* PlaylistViewController.swift */,
				C4BCA7132AAA93B700F9340E /* SearchResultsViewController.swift */,
			);
			path = Other;
			sourceTree = "<group>";
		};
/* End PBXGroup section */

/* Begin PBXNativeTarget section */
		C4BCA6C32AAA902A00F9340E /* Spotify */ = {
			isa = PBXNativeTarget;
			buildConfigurationList = C4BCA6EE2AAA902C00F9340E /* Build configuration list for PBXNativeTarget "Spotify" */;
			buildPhases = (
				C4BCA6C02AAA902A00F9340E /* Sources */,
				C4BCA6C12AAA902A00F9340E /* Frameworks */,
				C4BCA6C22AAA902A00F9340E /* Resources */,
			);
			buildRules = (
			);
			dependencies = (
			);
			name = Spotify;
			productName = Spotify;
			productReference = C4BCA6C42AAA902A00F9340E /* Spotify.app */;
			productType = "com.apple.product-type.application";
		};
		C4BCA6D92AAA902C00F9340E /* SpotifyTests */ = {
			isa = PBXNativeTarget;
			buildConfigurationList = C4BCA6F12AAA902C00F9340E /* Build configuration list for PBXNativeTarget "SpotifyTests" */;
			buildPhases = (
				C4BCA6D62AAA902C00F9340E /* Sources */,
				C4BCA6D72AAA902C00F9340E /* Frameworks */,
				C4BCA6D82AAA902C00F9340E /* Resources */,
			);
			buildRules = (
			);
			dependencies = (
				C4BCA6DC2AAA902C00F9340E /* PBXTargetDependency */,
			);
			name = SpotifyTests;
			productName = SpotifyTests;
			productReference = C4BCA6DA2AAA902C00F9340E /* SpotifyTests.xctest */;
			productType = "com.apple.product-type.bundle.unit-test";
		};
		C4BCA6E32AAA902C00F9340E /* SpotifyUITests */ = {
			isa = PBXNativeTarget;
			buildConfigurationList = C4BCA6F42AAA902C00F9340E /* Build configuration list for PBXNativeTarget "SpotifyUITests" */;
			buildPhases = (
				C4BCA6E02AAA902C00F9340E /* Sources */,
				C4BCA6E12AAA902C00F9340E /* Frameworks */,
				C4BCA6E22AAA902C00F9340E /* Resources */,
			);
			buildRules = (
			);
			dependencies = (
				C4BCA6E62AAA902C00F9340E /* PBXTargetDependency */,
			);
			name = SpotifyUITests;
			productName = SpotifyUITests;
			productReference = C4BCA6E42AAA902C00F9340E /* SpotifyUITests.xctest */;
			productType = "com.apple.product-type.bundle.ui-testing";
		};
/* End PBXNativeTarget section */

/* Begin PBXProject section */
		C4BCA6BC2AAA902A00F9340E /* Project object */ = {
			isa = PBXProject;
			attributes = {
				BuildIndependentTargetsInParallel = 1;
				LastSwiftUpdateCheck = 1430;
				LastUpgradeCheck = 1430;
				TargetAttributes = {
					C4BCA6C32AAA902A00F9340E = {
						CreatedOnToolsVersion = 14.3.1;
					};
					C4BCA6D92AAA902C00F9340E = {
						CreatedOnToolsVersion = 14.3.1;
						TestTargetID = C4BCA6C32AAA902A00F9340E;
					};
					C4BCA6E32AAA902C00F9340E = {
						CreatedOnToolsVersion = 14.3.1;
						TestTargetID = C4BCA6C32AAA902A00F9340E;
					};
				};
			};
			buildConfigurationList = C4BCA6BF2AAA902A00F9340E /* Build configuration list for PBXProject "Spotify" */;
			compatibilityVersion = "Xcode 14.0";
			developmentRegion = en;
			hasScannedForEncodings = 0;
			knownRegions = (
				en,
				Base,
			);
			mainGroup = C4BCA6BB2AAA902A00F9340E;
			productRefGroup = C4BCA6C52AAA902A00F9340E /* Products */;
			projectDirPath = "";
			projectRoot = "";
			targets = (
				C4BCA6C32AAA902A00F9340E /* Spotify */,
				C4BCA6D92AAA902C00F9340E /* SpotifyTests */,
				C4BCA6E32AAA902C00F9340E /* SpotifyUITests */,
			);
		};
/* End PBXProject section */

/* Begin PBXResourcesBuildPhase section */
		C4BCA6C22AAA902A00F9340E /* Resources */ = {
			isa = PBXResourcesBuildPhase;
			buildActionMask = 2147483647;
			files = (
				C4BCA6D42AAA902C00F9340E /* LaunchScreen.storyboard in Resources */,
				C4BCA6FE2AAA91A600F9340E /* LaunchScreen.storyboard in Resources */,
				C4BCA6D12AAA902C00F9340E /* Assets.xcassets in Resources */,
				C4BCA6CF2AAA902A00F9340E /* Main.storyboard in Resources */,
			);
			runOnlyForDeploymentPostprocessing = 0;
		};
		C4BCA6D82AAA902C00F9340E /* Resources */ = {
			isa = PBXResourcesBuildPhase;
			buildActionMask = 2147483647;
			files = (
			);
			runOnlyForDeploymentPostprocessing = 0;
		};
		C4BCA6E22AAA902C00F9340E /* Resources */ = {
			isa = PBXResourcesBuildPhase;
			buildActionMask = 2147483647;
			files = (
			);
			runOnlyForDeploymentPostprocessing = 0;
		};
/* End PBXResourcesBuildPhase section */

/* Begin PBXSourcesBuildPhase section */
		C4BCA6C02AAA902A00F9340E /* Sources */ = {
			isa = PBXSourcesBuildPhase;
			buildActionMask = 2147483647;
			files = (
				C4BCA7022AAA932100F9340E /* SearchViewController.swift in Sources */,
				C4BCA71C2AAA940500F9340E /* Playlist.swift in Sources */,
				C4BCA7162AAA93D200F9340E /* AuthManager.swift in Sources */,
				C4BCA7142AAA93B700F9340E /* SearchResultsViewController.swift in Sources */,
				C4BCA70A2AAA937000F9340E /* WelcomeViewController.swift in Sources */,
				C4BCA70E2AAA938B00F9340E /* ProfileViewController.swift in Sources */,
				C4BCA7002AAA930600F9340E /* TabBarViewController.swift in Sources */,
				C4BCA71A2AAA93EB00F9340E /* HapticsManager.swift in Sources */,
				C4D52E8D2AD9E5E40028A1BF /* AuthResponse.swift in Sources */,
				C4BCA71E2AAA940F00F9340E /* AudioTrack.swift in Sources */,
				C4BCA6CC2AAA902A00F9340E /* HomeViewController.swift in Sources */,
				C4BCA7082AAA936500F9340E /* AuthViewController.swift in Sources */,
				C4BCA6C82AAA902A00F9340E /* AppDelegate.swift in Sources */,
				C4BCA7222AAA942900F9340E /* UserProfile.swift in Sources */,
				C4BCA7242AAA9C8200F9340E /* Extensions.swift in Sources */,
				C4BCA7042AAA933300F9340E /* LibraryViewController.swift in Sources */,
				C4BCA7202AAA941600F9340E /* Artist.swift in Sources */,
				C4D52E8F2ADA03240028A1BF /* SettingsModels.swift in Sources */,
				C4BCA7122AAA93A000F9340E /* PlaylistViewController.swift in Sources */,
				C4BCA6CA2AAA902A00F9340E /* SceneDelegate.swift in Sources */,
				C4BCA7102AAA939300F9340E /* PlayerViewController.swift in Sources */,
				C4BCA7182AAA93DE00F9340E /* APICaller.swift in Sources */,
				C4BCA70C2AAA937E00F9340E /* SettingsViewController.swift in Sources */,
			);
			runOnlyForDeploymentPostprocessing = 0;
		};
		C4BCA6D62AAA902C00F9340E /* Sources */ = {
			isa = PBXSourcesBuildPhase;
			buildActionMask = 2147483647;
			files = (
				C4BCA6DF2AAA902C00F9340E /* SpotifyTests.swift in Sources */,
			);
			runOnlyForDeploymentPostprocessing = 0;
		};
		C4BCA6E02AAA902C00F9340E /* Sources */ = {
			isa = PBXSourcesBuildPhase;
			buildActionMask = 2147483647;
			files = (
				C4BCA6E92AAA902C00F9340E /* SpotifyUITests.swift in Sources */,
				C4BCA6EB2AAA902C00F9340E /* SpotifyUITestsLaunchTests.swift in Sources */,
			);
			runOnlyForDeploymentPostprocessing = 0;
		};
/* End PBXSourcesBuildPhase section */

/* Begin PBXTargetDependency section */
		C4BCA6DC2AAA902C00F9340E /* PBXTargetDependency */ = {
			isa = PBXTargetDependency;
			target = C4BCA6C32AAA902A00F9340E /* Spotify */;
			targetProxy = C4BCA6DB2AAA902C00F9340E /* PBXContainerItemProxy */;
		};
		C4BCA6E62AAA902C00F9340E /* PBXTargetDependency */ = {
			isa = PBXTargetDependency;
			target = C4BCA6C32AAA902A00F9340E /* Spotify */;
			targetProxy = C4BCA6E52AAA902C00F9340E /* PBXContainerItemProxy */;
		};
/* End PBXTargetDependency section */

/* Begin PBXVariantGroup section */
		C4BCA6CD2AAA902A00F9340E /* Main.storyboard */ = {
			isa = PBXVariantGroup;
			children = (
				C4BCA6CE2AAA902A00F9340E /* Base */,
			);
			name = Main.storyboard;
			sourceTree = "<group>";
		};
		C4BCA6D22AAA902C00F9340E /* LaunchScreen.storyboard */ = {
			isa = PBXVariantGroup;
			children = (
				C4BCA6D32AAA902C00F9340E /* Base */,
			);
			name = LaunchScreen.storyboard;
			sourceTree = "<group>";
		};
/* End PBXVariantGroup section */

/* Begin XCBuildConfiguration section */
		C4BCA6EC2AAA902C00F9340E /* Debug */ = {
			isa = XCBuildConfiguration;
			buildSettings = {
				ALWAYS_SEARCH_USER_PATHS = NO;
				CLANG_ANALYZER_NONNULL = YES;
				CLANG_ANALYZER_NUMBER_OBJECT_CONVERSION = YES_AGGRESSIVE;
				CLANG_CXX_LANGUAGE_STANDARD = "gnu++20";
				CLANG_ENABLE_MODULES = YES;
				CLANG_ENABLE_OBJC_ARC = YES;
				CLANG_ENABLE_OBJC_WEAK = YES;
				CLANG_WARN_BLOCK_CAPTURE_AUTORELEASING = YES;
				CLANG_WARN_BOOL_CONVERSION = YES;
				CLANG_WARN_COMMA = YES;
				CLANG_WARN_CONSTANT_CONVERSION = YES;
				CLANG_WARN_DEPRECATED_OBJC_IMPLEMENTATIONS = YES;
				CLANG_WARN_DIRECT_OBJC_ISA_USAGE = YES_ERROR;
				CLANG_WARN_DOCUMENTATION_COMMENTS = YES;
				CLANG_WARN_EMPTY_BODY = YES;
				CLANG_WARN_ENUM_CONVERSION = YES;
				CLANG_WARN_INFINITE_RECURSION = YES;
				CLANG_WARN_INT_CONVERSION = YES;
				CLANG_WARN_NON_LITERAL_NULL_CONVERSION = YES;
				CLANG_WARN_OBJC_IMPLICIT_RETAIN_SELF = YES;
				CLANG_WARN_OBJC_LITERAL_CONVERSION = YES;
				CLANG_WARN_OBJC_ROOT_CLASS = YES_ERROR;
				CLANG_WARN_QUOTED_INCLUDE_IN_FRAMEWORK_HEADER = YES;
				CLANG_WARN_RANGE_LOOP_ANALYSIS = YES;
				CLANG_WARN_STRICT_PROTOTYPES = YES;
				CLANG_WARN_SUSPICIOUS_MOVE = YES;
				CLANG_WARN_UNGUARDED_AVAILABILITY = YES_AGGRESSIVE;
				CLANG_WARN_UNREACHABLE_CODE = YES;
				CLANG_WARN__DUPLICATE_METHOD_MATCH = YES;
				COPY_PHASE_STRIP = NO;
				DEBUG_INFORMATION_FORMAT = dwarf;
				ENABLE_STRICT_OBJC_MSGSEND = YES;
				ENABLE_TESTABILITY = YES;
				GCC_C_LANGUAGE_STANDARD = gnu11;
				GCC_DYNAMIC_NO_PIC = NO;
				GCC_NO_COMMON_BLOCKS = YES;
				GCC_OPTIMIZATION_LEVEL = 0;
				GCC_PREPROCESSOR_DEFINITIONS = (
					"DEBUG=1",
					"$(inherited)",
				);
				GCC_WARN_64_TO_32_BIT_CONVERSION = YES;
				GCC_WARN_ABOUT_RETURN_TYPE = YES_ERROR;
				GCC_WARN_UNDECLARED_SELECTOR = YES;
				GCC_WARN_UNINITIALIZED_AUTOS = YES_AGGRESSIVE;
				GCC_WARN_UNUSED_FUNCTION = YES;
				GCC_WARN_UNUSED_VARIABLE = YES;
				IPHONEOS_DEPLOYMENT_TARGET = 16.4;
				MTL_ENABLE_DEBUG_INFO = INCLUDE_SOURCE;
				MTL_FAST_MATH = YES;
				ONLY_ACTIVE_ARCH = YES;
				SDKROOT = iphoneos;
				SWIFT_ACTIVE_COMPILATION_CONDITIONS = DEBUG;
				SWIFT_OPTIMIZATION_LEVEL = "-Onone";
			};
			name = Debug;
		};
		C4BCA6ED2AAA902C00F9340E /* Release */ = {
			isa = XCBuildConfiguration;
			buildSettings = {
				ALWAYS_SEARCH_USER_PATHS = NO;
				CLANG_ANALYZER_NONNULL = YES;
				CLANG_ANALYZER_NUMBER_OBJECT_CONVERSION = YES_AGGRESSIVE;
				CLANG_CXX_LANGUAGE_STANDARD = "gnu++20";
				CLANG_ENABLE_MODULES = YES;
				CLANG_ENABLE_OBJC_ARC = YES;
				CLANG_ENABLE_OBJC_WEAK = YES;
				CLANG_WARN_BLOCK_CAPTURE_AUTORELEASING = YES;
				CLANG_WARN_BOOL_CONVERSION = YES;
				CLANG_WARN_COMMA = YES;
				CLANG_WARN_CONSTANT_CONVERSION = YES;
				CLANG_WARN_DEPRECATED_OBJC_IMPLEMENTATIONS = YES;
				CLANG_WARN_DIRECT_OBJC_ISA_USAGE = YES_ERROR;
				CLANG_WARN_DOCUMENTATION_COMMENTS = YES;
				CLANG_WARN_EMPTY_BODY = YES;
				CLANG_WARN_ENUM_CONVERSION = YES;
				CLANG_WARN_INFINITE_RECURSION = YES;
				CLANG_WARN_INT_CONVERSION = YES;
				CLANG_WARN_NON_LITERAL_NULL_CONVERSION = YES;
				CLANG_WARN_OBJC_IMPLICIT_RETAIN_SELF = YES;
				CLANG_WARN_OBJC_LITERAL_CONVERSION = YES;
				CLANG_WARN_OBJC_ROOT_CLASS = YES_ERROR;
				CLANG_WARN_QUOTED_INCLUDE_IN_FRAMEWORK_HEADER = YES;
				CLANG_WARN_RANGE_LOOP_ANALYSIS = YES;
				CLANG_WARN_STRICT_PROTOTYPES = YES;
				CLANG_WARN_SUSPICIOUS_MOVE = YES;
				CLANG_WARN_UNGUARDED_AVAILABILITY = YES_AGGRESSIVE;
				CLANG_WARN_UNREACHABLE_CODE = YES;
				CLANG_WARN__DUPLICATE_METHOD_MATCH = YES;
				COPY_PHASE_STRIP = NO;
				DEBUG_INFORMATION_FORMAT = "dwarf-with-dsym";
				ENABLE_NS_ASSERTIONS = NO;
				ENABLE_STRICT_OBJC_MSGSEND = YES;
				GCC_C_LANGUAGE_STANDARD = gnu11;
				GCC_NO_COMMON_BLOCKS = YES;
				GCC_WARN_64_TO_32_BIT_CONVERSION = YES;
				GCC_WARN_ABOUT_RETURN_TYPE = YES_ERROR;
				GCC_WARN_UNDECLARED_SELECTOR = YES;
				GCC_WARN_UNINITIALIZED_AUTOS = YES_AGGRESSIVE;
				GCC_WARN_UNUSED_FUNCTION = YES;
				GCC_WARN_UNUSED_VARIABLE = YES;
				IPHONEOS_DEPLOYMENT_TARGET = 16.4;
				MTL_ENABLE_DEBUG_INFO = NO;
				MTL_FAST_MATH = YES;
				SDKROOT = iphoneos;
				SWIFT_COMPILATION_MODE = wholemodule;
				SWIFT_OPTIMIZATION_LEVEL = "-O";
				VALIDATE_PRODUCT = YES;
			};
			name = Release;
		};
		C4BCA6EF2AAA902C00F9340E /* Debug */ = {
			isa = XCBuildConfiguration;
			buildSettings = {
				ASSETCATALOG_COMPILER_APPICON_NAME = AppIcon;
				ASSETCATALOG_COMPILER_GLOBAL_ACCENT_COLOR_NAME = AccentColor;
				CODE_SIGN_STYLE = Automatic;
				CURRENT_PROJECT_VERSION = 1;
				DEVELOPMENT_TEAM = 4YN6MN32WP;
				GENERATE_INFOPLIST_FILE = YES;
				INFOPLIST_FILE = Spotify/Info.plist;
				INFOPLIST_KEY_UIApplicationSupportsIndirectInputEvents = YES;
				INFOPLIST_KEY_UILaunchStoryboardName = LaunchScreen;
				INFOPLIST_KEY_UIMainStoryboardFile = Main;
				INFOPLIST_KEY_UISupportedInterfaceOrientations_iPad = "UIInterfaceOrientationPortrait UIInterfaceOrientationPortraitUpsideDown UIInterfaceOrientationLandscapeLeft UIInterfaceOrientationLandscapeRight";
				INFOPLIST_KEY_UISupportedInterfaceOrientations_iPhone = "UIInterfaceOrientationPortrait UIInterfaceOrientationLandscapeLeft UIInterfaceOrientationLandscapeRight";
				LD_RUNPATH_SEARCH_PATHS = (
					"$(inherited)",
					"@executable_path/Frameworks",
				);
				MARKETING_VERSION = 1.0;
				PRODUCT_BUNDLE_IDENTIFIER = hallegv.Spotify;
				PRODUCT_NAME = "$(TARGET_NAME)";
				SWIFT_EMIT_LOC_STRINGS = YES;
				SWIFT_VERSION = 5.0;
				TARGETED_DEVICE_FAMILY = "1,2";
			};
			name = Debug;
		};
		C4BCA6F02AAA902C00F9340E /* Release */ = {
			isa = XCBuildConfiguration;
			buildSettings = {
				ASSETCATALOG_COMPILER_APPICON_NAME = AppIcon;
				ASSETCATALOG_COMPILER_GLOBAL_ACCENT_COLOR_NAME = AccentColor;
				CODE_SIGN_STYLE = Automatic;
				CURRENT_PROJECT_VERSION = 1;
				DEVELOPMENT_TEAM = 4YN6MN32WP;
				GENERATE_INFOPLIST_FILE = YES;
				INFOPLIST_FILE = Spotify/Info.plist;
				INFOPLIST_KEY_UIApplicationSupportsIndirectInputEvents = YES;
				INFOPLIST_KEY_UILaunchStoryboardName = LaunchScreen;
				INFOPLIST_KEY_UIMainStoryboardFile = Main;
				INFOPLIST_KEY_UISupportedInterfaceOrientations_iPad = "UIInterfaceOrientationPortrait UIInterfaceOrientationPortraitUpsideDown UIInterfaceOrientationLandscapeLeft UIInterfaceOrientationLandscapeRight";
				INFOPLIST_KEY_UISupportedInterfaceOrientations_iPhone = "UIInterfaceOrientationPortrait UIInterfaceOrientationLandscapeLeft UIInterfaceOrientationLandscapeRight";
				LD_RUNPATH_SEARCH_PATHS = (
					"$(inherited)",
					"@executable_path/Frameworks",
				);
				MARKETING_VERSION = 1.0;
				PRODUCT_BUNDLE_IDENTIFIER = hallegv.Spotify;
				PRODUCT_NAME = "$(TARGET_NAME)";
				SWIFT_EMIT_LOC_STRINGS = YES;
				SWIFT_VERSION = 5.0;
				TARGETED_DEVICE_FAMILY = "1,2";
			};
			name = Release;
		};
		C4BCA6F22AAA902C00F9340E /* Debug */ = {
			isa = XCBuildConfiguration;
			buildSettings = {
				ALWAYS_EMBED_SWIFT_STANDARD_LIBRARIES = YES;
				BUNDLE_LOADER = "$(TEST_HOST)";
				CODE_SIGN_STYLE = Automatic;
				CURRENT_PROJECT_VERSION = 1;
				DEVELOPMENT_TEAM = 4YN6MN32WP;
				GENERATE_INFOPLIST_FILE = YES;
				IPHONEOS_DEPLOYMENT_TARGET = 16.4;
				MARKETING_VERSION = 1.0;
				PRODUCT_BUNDLE_IDENTIFIER = hallegv.SpotifyTests;
				PRODUCT_NAME = "$(TARGET_NAME)";
				SWIFT_EMIT_LOC_STRINGS = NO;
				SWIFT_VERSION = 5.0;
				TARGETED_DEVICE_FAMILY = "1,2";
				TEST_HOST = "$(BUILT_PRODUCTS_DIR)/Spotify.app/$(BUNDLE_EXECUTABLE_FOLDER_PATH)/Spotify";
			};
			name = Debug;
		};
		C4BCA6F32AAA902C00F9340E /* Release */ = {
			isa = XCBuildConfiguration;
			buildSettings = {
				ALWAYS_EMBED_SWIFT_STANDARD_LIBRARIES = YES;
				BUNDLE_LOADER = "$(TEST_HOST)";
				CODE_SIGN_STYLE = Automatic;
				CURRENT_PROJECT_VERSION = 1;
				DEVELOPMENT_TEAM = 4YN6MN32WP;
				GENERATE_INFOPLIST_FILE = YES;
				IPHONEOS_DEPLOYMENT_TARGET = 16.4;
				MARKETING_VERSION = 1.0;
				PRODUCT_BUNDLE_IDENTIFIER = hallegv.SpotifyTests;
				PRODUCT_NAME = "$(TARGET_NAME)";
				SWIFT_EMIT_LOC_STRINGS = NO;
				SWIFT_VERSION = 5.0;
				TARGETED_DEVICE_FAMILY = "1,2";
				TEST_HOST = "$(BUILT_PRODUCTS_DIR)/Spotify.app/$(BUNDLE_EXECUTABLE_FOLDER_PATH)/Spotify";
			};
			name = Release;
		};
		C4BCA6F52AAA902C00F9340E /* Debug */ = {
			isa = XCBuildConfiguration;
			buildSettings = {
				ALWAYS_EMBED_SWIFT_STANDARD_LIBRARIES = YES;
				CODE_SIGN_STYLE = Automatic;
				CURRENT_PROJECT_VERSION = 1;
				DEVELOPMENT_TEAM = 4YN6MN32WP;
				GENERATE_INFOPLIST_FILE = YES;
				MARKETING_VERSION = 1.0;
				PRODUCT_BUNDLE_IDENTIFIER = hallegv.SpotifyUITests;
				PRODUCT_NAME = "$(TARGET_NAME)";
				SWIFT_EMIT_LOC_STRINGS = NO;
				SWIFT_VERSION = 5.0;
				TARGETED_DEVICE_FAMILY = "1,2";
				TEST_TARGET_NAME = Spotify;
			};
			name = Debug;
		};
		C4BCA6F62AAA902C00F9340E /* Release */ = {
			isa = XCBuildConfiguration;
			buildSettings = {
				ALWAYS_EMBED_SWIFT_STANDARD_LIBRARIES = YES;
				CODE_SIGN_STYLE = Automatic;
				CURRENT_PROJECT_VERSION = 1;
				DEVELOPMENT_TEAM = 4YN6MN32WP;
				GENERATE_INFOPLIST_FILE = YES;
				MARKETING_VERSION = 1.0;
				PRODUCT_BUNDLE_IDENTIFIER = hallegv.SpotifyUITests;
				PRODUCT_NAME = "$(TARGET_NAME)";
				SWIFT_EMIT_LOC_STRINGS = NO;
				SWIFT_VERSION = 5.0;
				TARGETED_DEVICE_FAMILY = "1,2";
				TEST_TARGET_NAME = Spotify;
			};
			name = Release;
		};
/* End XCBuildConfiguration section */

/* Begin XCConfigurationList section */
		C4BCA6BF2AAA902A00F9340E /* Build configuration list for PBXProject "Spotify" */ = {
			isa = XCConfigurationList;
			buildConfigurations = (
				C4BCA6EC2AAA902C00F9340E /* Debug */,
				C4BCA6ED2AAA902C00F9340E /* Release */,
			);
			defaultConfigurationIsVisible = 0;
			defaultConfigurationName = Release;
		};
		C4BCA6EE2AAA902C00F9340E /* Build configuration list for PBXNativeTarget "Spotify" */ = {
			isa = XCConfigurationList;
			buildConfigurations = (
				C4BCA6EF2AAA902C00F9340E /* Debug */,
				C4BCA6F02AAA902C00F9340E /* Release */,
			);
			defaultConfigurationIsVisible = 0;
			defaultConfigurationName = Release;
		};
		C4BCA6F12AAA902C00F9340E /* Build configuration list for PBXNativeTarget "SpotifyTests" */ = {
			isa = XCConfigurationList;
			buildConfigurations = (
				C4BCA6F22AAA902C00F9340E /* Debug */,
				C4BCA6F32AAA902C00F9340E /* Release */,
			);
			defaultConfigurationIsVisible = 0;
			defaultConfigurationName = Release;
		};
		C4BCA6F42AAA902C00F9340E /* Build configuration list for PBXNativeTarget "SpotifyUITests" */ = {
			isa = XCConfigurationList;
			buildConfigurations = (
				C4BCA6F52AAA902C00F9340E /* Debug */,
				C4BCA6F62AAA902C00F9340E /* Release */,
			);
			defaultConfigurationIsVisible = 0;
			defaultConfigurationName = Release;
		};
/* End XCConfigurationList section */
	};
	rootObject = C4BCA6BC2AAA902A00F9340E /* Project object */;
}
